
Microsoft Visual Studio Solution File, Format Version 12.00
# Visual Studio Version 16
VisualStudioVersion = 16.0.31729.503
MinimumVisualStudioVersion = 10.0.40219.1
Project("{FAE04EC0-301F-11D3-BF4B-00C04F79EFBC}") = "RunnerGame", "RunnerGame\RunnerGame.csproj", "{346468DA-B8BB-4D67-812E-E7E4C5D91707}"
EndProject
Global
	GlobalSection(SolutionConfigurationPlatforms) = preSolution
		Debug|Any CPU = Debug|Any CPU
		Release|Any CPU = Release|Any CPU
	EndGlobalSection
	GlobalSection(ProjectConfigurationPlatforms) = postSolution
		{346468DA-B8BB-4D67-812E-E7E4C5D91707}.Debug|Any CPU.ActiveCfg = Debug|Any CPU
		{346468DA-B8BB-4D67-812E-E7E4C5D91707}.Debug|Any CPU.Build.0 = Debug|Any CPU
		{346468DA-B8BB-4D67-812E-E7E4C5D91707}.Release|Any CPU.ActiveCfg = Release|Any CPU
		{346468DA-B8BB-4D67-812E-E7E4C5D91707}.Release|Any CPU.Build.0 = Release|Any CPU
	EndGlobalSection
	GlobalSection(SolutionProperties) = preSolution
		HideSolutionNode = FALSE
	EndGlobalSection
	GlobalSection(ExtensibilityGlobals) = postSolution
		SolutionGuid = {0E12074E-58E6-4A79-8B30-CA8183270191}
	EndGlobalSection
EndGlobal
